
Microsoft Visual Studio Solution File, Format Version 12.00
# Visual Studio 2013
VisualStudioVersion = 12.0.21005.1
MinimumVisualStudioVersion = 10.0.40219.1
Project("{8BC9CEB8-8B4A-11D0-8D11-00A0C91BC942}") = "hevcasm_exe", "src\bin\hevcasm_exe.vcxproj", "{86AA75A0-9DC9-4EC2-8F0F-5F093742C3FE}"
EndProject
Project("{8BC9CEB8-8B4A-11D0-8D11-00A0C91BC942}") = "hevcasm", "src\lib\hevcasm.vcxproj", "{0FFA87CB-BBFC-4B98-82AC-6ABB026A3656}"
EndProject
Project("{2150E333-8FDC-42A3-9474-1A3956D46DE8}") = "miscellaneous", "miscellaneous", "{6F1EEB29-EF11-4E73-B033-0F795DE3E1E3}"
	ProjectSection(SolutionItems) = preProject
		AUTHORS = AUTHORS
		ChangeLog = ChangeLog
		COPYING = COPYING
		INSTALL = INSTALL
		NEWS = NEWS
		README = README
		README.md = README.md
	EndProjectSection
EndProject
Global
	GlobalSection(SolutionConfigurationPlatforms) = preSolution
		Debug|x64 = Debug|x64
		Release|x64 = Release|x64
	EndGlobalSection
	GlobalSection(ProjectConfigurationPlatforms) = postSolution
		{86AA75A0-9DC9-4EC2-8F0F-5F093742C3FE}.Debug|x64.ActiveCfg = Debug|x64
		{86AA75A0-9DC9-4EC2-8F0F-5F093742C3FE}.Debug|x64.Build.0 = Debug|x64
		{86AA75A0-9DC9-4EC2-8F0F-5F093742C3FE}.Release|x64.ActiveCfg = Release|x64
		{86AA75A0-9DC9-4EC2-8F0F-5F093742C3FE}.Release|x64.Build.0 = Release|x64
		{0FFA87CB-BBFC-4B98-82AC-6ABB026A3656}.Debug|x64.ActiveCfg = Debug|x64
		{0FFA87CB-BBFC-4B98-82AC-6ABB026A3656}.Debug|x64.Build.0 = Debug|x64
		{0FFA87CB-BBFC-4B98-82AC-6ABB026A3656}.Release|x64.ActiveCfg = Release|x64
		{0FFA87CB-BBFC-4B98-82AC-6ABB026A3656}.Release|x64.Build.0 = Release|x64
	EndGlobalSection
	GlobalSection(SolutionProperties) = preSolution
		HideSolutionNode = FALSE
	EndGlobalSection
EndGlobal
