
Microsoft Visual Studio Solution File, Format Version 12.00
# Visual Studio 2013
VisualStudioVersion = 12.0.21005.1
MinimumVisualStudioVersion = 10.0.40219.1
Project("{8BC9CEB8-8B4A-11D0-8D11-00A0C91BC942}") = "hevcasm_exe", "src\bin\hevcasm_exe.vcxproj", "{86AA75A0-9DC9-4EC2-8F0F-5F093742C3FE}"
EndProject
Project("{8BC9CEB8-8B4A-11D0-8D11-00A0C91BC942}") = "hevcasm", "src\lib\hevcasm.vcxproj", "{0FFA87CB-BBFC-4B98-82AC-6ABB026A3656}"
EndProject
Global
	GlobalSection(SolutionConfigurationPlatforms) = preSolution
		Debug|Win32 = Debug|Win32
		Release|Win32 = Release|Win32
	EndGlobalSection
	GlobalSection(ProjectConfigurationPlatforms) = postSolution
		{86AA75A0-9DC9-4EC2-8F0F-5F093742C3FE}.Debug|Win32.ActiveCfg = Debug|Win32
		{86AA75A0-9DC9-4EC2-8F0F-5F093742C3FE}.Debug|Win32.Build.0 = Debug|Win32
		{86AA75A0-9DC9-4EC2-8F0F-5F093742C3FE}.Release|Win32.ActiveCfg = Release|Win32
		{86AA75A0-9DC9-4EC2-8F0F-5F093742C3FE}.Release|Win32.Build.0 = Release|Win32
		{0FFA87CB-BBFC-4B98-82AC-6ABB026A3656}.Debug|Win32.ActiveCfg = Debug|Win32
		{0FFA87CB-BBFC-4B98-82AC-6ABB026A3656}.Debug|Win32.Build.0 = Debug|Win32
		{0FFA87CB-BBFC-4B98-82AC-6ABB026A3656}.Release|Win32.ActiveCfg = Release|Win32
		{0FFA87CB-BBFC-4B98-82AC-6ABB026A3656}.Release|Win32.Build.0 = Release|Win32
	EndGlobalSection
	GlobalSection(SolutionProperties) = preSolution
		HideSolutionNode = FALSE
	EndGlobalSection
EndGlobal
